dependencies:
- name: grafana
  repository: https://grafana.github.io/helm-charts
  version: 7.2.0
- name: kong
  repository: https://charts.konghq.com
  version: 2.32.0
- name: kong-crds
  repository: file://../../../kong-crds
  version: 2.32.0
digest: sha256:31ff2b47cc59bb0db5e6d6fec129ea9e1fd9ecfdb32fe21bd3837437e29119f8
generated: "2024-03-26T11:31:03.754981993Z"
