dependencies:
- name: kong
  repository: https://charts.konghq.com
  version: 2.32.0
- name: kong-crds
  repository: file://../../../kong-crds
  version: 2.32.0
- name: cert-manager
  repository: https://charts.jetstack.io
  version: v1.15.3
- name: cert-manager-crds
  repository: file://../../../cert-manager-crds
  version: v1.15.1
digest: sha256:b66be4a4b22ac898db36f614e9f9bbfe86b9016c24620fa5748edd3b47414850
generated: "2025-07-29T13:17:43.030483+03:00"
