dependencies:
- name: kong
  repository: https://charts.konghq.com
  version: 2.52.0
- name: kong-crds
  repository: file://../../../kong-crds
  version: 2.52.0
- name: cert-manager
  repository: https://charts.jetstack.io
  version: v1.20.2
- name: cert-manager-crds
  repository: file://../../../cert-manager-crds
  version: v1.20.2
digest: sha256:1bd0d6a1bbea98b1feb14a9d681a17b5b11fd0f9d81351c23cbdb60e3364d164
generated: "2026-04-26T11:13:45.875706+03:00"
