dependencies:
- name: kong
  repository: https://charts.konghq.com
  version: 2.32.0
- name: kong-crds
  repository: file://../../../kong-crds
  version: 2.32.0
- name: cert-manager
  repository: https://charts.jetstack.io
  version: v1.15.1
- name: cert-manager-crds
  repository: file://../../../cert-manager-crds
  version: v1.15.1
digest: sha256:6cc944c409b74f50e4c92252d5cd256e429e24230c9042d10b668d554643966c
generated: "2024-07-25T06:08:55.55308697Z"
