dependencies:
- name: router
  repository: ""
  version: 0.1.0
- name: victoria-metrics-single
  repository: https://victoriametrics.github.io/helm-charts
  version: 0.9.4
- name: victoria-metrics-agent
  repository: ""
  version: 0.8.41
- name: victoria-metrics-agent
  repository: ""
  version: 0.8.41
- name: victoria-metrics-agent
  repository: ""
  version: 0.8.41
- name: clickhouse
  repository: https://charts.bitnami.com/bitnami
  version: 3.5.5
- name: opentelemetry-collector
  repository: https://open-telemetry.github.io/opentelemetry-helm-charts
  version: 0.62.2
- name: kube-state-metrics
  repository: https://prometheus-community.github.io/helm-charts
  version: 5.2.0
- name: incloud-ingress
  repository: ""
  version: 0.1.0
digest: sha256:dd650a3e163704563488f8ab0c339a31c9f4432f9c24ade572d211d9821a63dc
generated: "2023-08-24T11:05:17.845385428Z"
