dependencies:
- name: router
  repository: ""
  version: '>0.0.0'
- name: victoria-metrics-single
  repository: https://victoriametrics.github.io/helm-charts
  version: 0.9.15
- name: victoria-metrics-agent
  repository: ""
  version: 0.9.17
- name: victoria-metrics-agent
  repository: ""
  version: 0.9.17
- name: victoria-metrics-operator
  repository: https://victoriametrics.github.io/helm-charts
  version: 0.59.2
- name: victoria-metrics-agent
  repository: ""
  version: 0.9.17
- name: clickhouse
  repository: ""
  version: 6.3.1
- name: clickhouse
  repository: ""
  version: 6.3.1
- name: opentelemetry-collector
  repository: https://open-telemetry.github.io/opentelemetry-helm-charts
  version: 0.122.0
- name: kube-state-metrics
  repository: https://prometheus-community.github.io/helm-charts
  version: 6.4.1
- name: grafana
  repository: https://grafana.github.io/helm-charts
  version: 7.2.0
- name: incloud-ingress
  repository: ""
  version: '>0.0.0'
- name: backend
  repository: ""
  version: '>=0.0.0'
- name: vector
  repository: https://helm.vector.dev
  version: 0.37.0
digest: sha256:ed1cb9116ff8e547d3f0e6bca78c3cb000c8e4604d8a3f06facdbcee67b1eade
generated: "2026-07-06T09:46:37.130554+03:00"
