dependencies:
- name: router
  repository: ""
  version: 0.1.0
- name: victoria-metrics-single
  repository: https://victoriametrics.github.io/helm-charts
  version: 0.9.10
- name: victoria-metrics-agent
  repository: ""
  version: 0.9.11
- name: victoria-metrics-agent
  repository: ""
  version: 0.9.11
- name: victoria-metrics-agent
  repository: ""
  version: 0.9.11
- name: clickhouse
  repository: https://charts.bitnami.com/bitnami
  version: 4.1.4
- name: opentelemetry-collector
  repository: https://open-telemetry.github.io/opentelemetry-helm-charts
  version: 0.75.1
- name: kube-state-metrics
  repository: https://prometheus-community.github.io/helm-charts
  version: 5.15.2
- name: incloud-ingress
  repository: ""
  version: 0.1.0
digest: sha256:c972fc520a386eef280b2351f2b9b3e544cc600bc0eb5e1c03233f8586d8c241
generated: "2023-12-18T12:11:34.90272323Z"
