dependencies:
- name: postgresql
  repository: https://charts.bitnami.com/bitnami
  version: 12.6.9
- name: grafana
  repository: https://grafana.github.io/helm-charts
  version: 7.2.0
- name: kong
  repository: https://charts.konghq.com
  version: 2.20.0
digest: sha256:a47cb2b20ec893f1a8dc79397e5481e2d2fb1d28a0990d4ee80387fcc8056d7a
generated: "2024-01-16T08:52:37.876795432Z"
