dependencies:
- name: postgresql
  repository: https://charts.bitnami.com/bitnami
  version: 12.6.9
- name: keep
  repository: https://keephq.github.io/helm-charts
  version: 0.1.12
digest: sha256:5cb53f6d4710a253ef94489dd7b0c4393737d6a4dcfbe8f32e8191a2528fce24
generated: "2024-09-12T08:51:39.00335283Z"
