dependencies:
- name: postgresql
  repository: https://charts.bitnami.com/bitnami
  version: 12.6.9
- name: keep
  repository: https://keephq.github.io/helm-charts
  version: 0.1.48
- name: victoria-metrics-distributed
  repository: https://victoriametrics.github.io/helm-charts/
  version: 0.4.2
digest: sha256:86a7fe1dd9162fdea3cb55eb7473b0b28f034de44694d07464456f1a1ba88f0f
generated: "2024-12-15T21:34:15.059343347Z"
