dependencies:
- name: postgresql
  repository: https://charts.bitnami.com/bitnami
  version: 12.6.9
- name: keep
  repository: https://keephq.github.io/helm-charts
  version: 0.1.5
digest: sha256:3fd2acc4a78aefaa26f0f34298766eae16bb14f4c6fadbf69dfccc9e7c7c43bd
generated: "2024-08-22T08:51:13.026783548Z"
